{
  "name": "goalos-agijobmanager-ascension",
  "version": "1.5.0-pathspec-proof-final-v15",
  "lockfileVersion": 3,
  "requires": true,
  "packages": {
    "": {
      "name": "goalos-agijobmanager-ascension",
      "version": "1.5.0-pathspec-proof-final-v15",
      "private": true,
      "dependencies": {},
      "devDependencies": {}
    }
  }
}
